PODS:
  - FlutterMacOS (1.0.0)
  - hy_channel_info (0.0.1):
    - FlutterMacOS

DEPENDENCIES:
  - FlutterMacOS (from `Flutter/ephemeral`)
  - hy_channel_info (from `Flutter/ephemeral/.symlinks/plugins/hy_channel_info/macos`)

EXTERNAL SOURCES:
  FlutterMacOS:
    :path: Flutter/ephemeral
  hy_channel_info:
    :path: Flutter/ephemeral/.symlinks/plugins/hy_channel_info/macos

SPEC CHECKSUMS:
  FlutterMacOS: 57701585bf7de1b3fc2bb61f6378d73bbdea8424
  hy_channel_info: 6ee7797a80cf09b369d4b14a10c78966fee0958c

PODFILE CHECKSUM: 6eac6b3292e5142cfc23bdeb71848a40ec51c14c

COCOAPODS: 1.11.3
